// !$*UTF8*$!
{
	archiveVersion = 1;
	classes = {
	};
	objectVersion = 46;
	objects = {

/* Begin PBXBuildFile section */
		F8DE0C1B1C7F9C4B00B98D86 /* AppDelegate.swift in Sources */ = {isa = PBXBuildFile; fileRef = F8DE0C1A1C7F9C4B00B98D86 /* AppDelegate.swift */; };
		F8DE0C1D1C7F9C4B00B98D86 /* ViewController.swift in Sources */ = {isa = PBXBuildFile; fileRef = F8DE0C1C1C7F9C4B00B98D86 /* ViewController.swift */; };
		F8DE0C201C7F9C4B00B98D86 /* Main.storyboard in Resources */ = {isa = PBXBuildFile; fileRef = F8DE0C1E1C7F9C4B00B98D86 /* Main.storyboard */; };
		F8DE0C231C7F9C4B00B98D86 /* testApp.xcdatamodeld in Sources */ = {isa = PBXBuildFile; fileRef = F8DE0C211C7F9C4B00B98D86 /* testApp.xcdatamodeld */; };
		F8DE0C251C7F9C4B00B98D86 /* Assets.xcassets in Resources */ = {isa = PBXBuildFile; fileRef = F8DE0C241C7F9C4B00B98D86 /* Assets.xcassets */; };
		F8DE0C281C7F9C4B00B98D86 /* LaunchScreen.storyboard in Resources */ = {isa = PBXBuildFile; fileRef = F8DE0C261C7F9C4B00B98D86 /* LaunchScreen.storyboard */; };
		F8DE0C351C7F9D0200B98D86 /* TestCell.swift in Sources */ = {isa = PBXBuildFile; fileRef = F8DE0C341C7F9D0200B98D86 /* TestCell.swift */; };
		F8DE0C371C7FA07800B98D86 /* addVC.swift in Sources */ = {isa = PBXBuildFile; fileRef = F8DE0C361C7FA07800B98D86 /* addVC.swift */; };
		F8DE0C411C81BD0D00B98D86 /* CoreDataService.swift in Sources */ = {isa = PBXBuildFile; fileRef = F8DE0C401C81BD0D00B98D86 /* CoreDataService.swift */; };
		F8DE0C441C81D66700B98D86 /* Test+CoreDataProperties.swift in Sources */ = {isa = PBXBuildFile; fileRef = F8DE0C421C81D66700B98D86 /* Test+CoreDataProperties.swift */; };
		F8DE0C451C81D66700B98D86 /* Test.swift in Sources */ = {isa = PBXBuildFile; fileRef = F8DE0C431C81D66700B98D86 /* Test.swift */; };
/* End PBXBuildFile section */

/* Begin PBXFileReference section */
		F8DE0C171C7F9C4B00B98D86 /* testApp.app */ = {isa = PBXFileReference; explicitFileType = wrapper.application; includeInIndex = 0; path = testApp.app; sourceTree = BUILT_PRODUCTS_DIR; };
		F8DE0C1A1C7F9C4B00B98D86 /* AppDelegate.swift */ = {isa = PBXFileReference; lastKnownFileType = sourcecode.swift; path = AppDelegate.swift; sourceTree = "<group>"; };
		F8DE0C1C1C7F9C4B00B98D86 /* ViewController.swift */ = {isa = PBXFileReference; lastKnownFileType = sourcecode.swift; path = ViewController.swift; sourceTree = "<group>"; };
		F8DE0C1F1C7F9C4B00B98D86 /* Base */ = {isa = PBXFileReference; lastKnownFileType = file.storyboard; name = Base; path = Base.lproj/Main.storyboard; sourceTree = "<group>"; };
		F8DE0C221C7F9C4B00B98D86 /* testApp.xcdatamodel */ = {isa = PBXFileReference; lastKnownFileType = wrapper.xcdatamodel; path = testApp.xcdatamodel; sourceTree = "<group>"; };
		F8DE0C241C7F9C4B00B98D86 /* Assets.xcassets */ = {isa = PBXFileReference; lastKnownFileType = folder.assetcatalog; path = Assets.xcassets; sourceTree = "<group>"; };
		F8DE0C271C7F9C4B00B98D86 /* Base */ = {isa = PBXFileReference; lastKnownFileType = file.storyboard; name = Base; path = Base.lproj/LaunchScreen.storyboard; sourceTree = "<group>"; };
		F8DE0C291C7F9C4B00B98D86 /* Info.plist */ = {isa = PBXFileReference; lastKnownFileType = text.plist.xml; path = Info.plist; sourceTree = "<group>"; };
		F8DE0C341C7F9D0200B98D86 /* TestCell.swift */ = {isa = PBXFileReference; fileEncoding = 4; lastKnownFileType = sourcecode.swift; path = TestCell.swift; sourceTree = "<group>"; };
		F8DE0C361C7FA07800B98D86 /* addVC.swift */ = {isa = PBXFileReference; fileEncoding = 4; lastKnownFileType = sourcecode.swift; path = addVC.swift; sourceTree = "<group>"; };
		F8DE0C401C81BD0D00B98D86 /* CoreDataService.swift */ = {isa = PBXFileReference; fileEncoding = 4; lastKnownFileType = sourcecode.swift; path = CoreDataService.swift; sourceTree = "<group>"; };
		F8DE0C421C81D66700B98D86 /* Test+CoreDataProperties.swift */ = {isa = PBXFileReference; fileEncoding = 4; lastKnownFileType = sourcecode.swift; path = "Test+CoreDataProperties.swift"; sourceTree = "<group>"; };
		F8DE0C431C81D66700B98D86 /* Test.swift */ = {isa = PBXFileReference; fileEncoding = 4; lastKnownFileType = sourcecode.swift; path = Test.swift; sourceTree = "<group>"; };
/* End PBXFileReference section */

/* Begin PBXFrameworksBuildPhase section */
		F8DE0C141C7F9C4B00B98D86 /* Frameworks */ = {
			isa = PBXFrameworksBuildPhase;
			buildActionMask = 2147483647;
			files = (
			);
			runOnlyForDeploymentPostprocessing = 0;
		};
/* End PBXFrameworksBuildPhase section */

/* Begin PBXGroup section */
		F8DE0C0E1C7F9C4B00B98D86 = {
			isa = PBXGroup;
			children = (
				F8DE0C191C7F9C4B00B98D86 /* testApp */,
				F8DE0C181C7F9C4B00B98D86 /* Products */,
			);
			sourceTree = "<group>";
		};
		F8DE0C181C7F9C4B00B98D86 /* Products */ = {
			isa = PBXGroup;
			children = (
				F8DE0C171C7F9C4B00B98D86 /* testApp.app */,
			);
			name = Products;
			sourceTree = "<group>";
		};
		F8DE0C191C7F9C4B00B98D86 /* testApp */ = {
			isa = PBXGroup;
			children = (
				F8DE0C331C7F9C8600B98D86 /* Model */,
				F8DE0C1A1C7F9C4B00B98D86 /* AppDelegate.swift */,
				F8DE0C1C1C7F9C4B00B98D86 /* ViewController.swift */,
				F8DE0C341C7F9D0200B98D86 /* TestCell.swift */,
				F8DE0C1E1C7F9C4B00B98D86 /* Main.storyboard */,
				F8DE0C241C7F9C4B00B98D86 /* Assets.xcassets */,
				F8DE0C261C7F9C4B00B98D86 /* LaunchScreen.storyboard */,
				F8DE0C291C7F9C4B00B98D86 /* Info.plist */,
				F8DE0C211C7F9C4B00B98D86 /* testApp.xcdatamodeld */,
				F8DE0C361C7FA07800B98D86 /* addVC.swift */,
				F8DE0C401C81BD0D00B98D86 /* CoreDataService.swift */,
			);
			path = testApp;
			sourceTree = "<group>";
		};
		F8DE0C331C7F9C8600B98D86 /* Model */ = {
			isa = PBXGroup;
			children = (
				F8DE0C421C81D66700B98D86 /* Test+CoreDataProperties.swift */,
				F8DE0C431C81D66700B98D86 /* Test.swift */,
			);
			name = Model;
			sourceTree = "<group>";
		};
/* End PBXGroup section */

/* Begin PBXNativeTarget section */
		F8DE0C161C7F9C4B00B98D86 /* testApp */ = {
			isa = PBXNativeTarget;
			buildConfigurationList = F8DE0C2C1C7F9C4B00B98D86 /* Build configuration list for PBXNativeTarget "testApp" */;
			buildPhases = (
				F8DE0C131C7F9C4B00B98D86 /* Sources */,
				F8DE0C141C7F9C4B00B98D86 /* Frameworks */,
				F8DE0C151C7F9C4B00B98D86 /* Resources */,
			);
			buildRules = (
			);
			dependencies = (
			);
			name = testApp;
			productName = testApp;
			productReference = F8DE0C171C7F9C4B00B98D86 /* testApp.app */;
			productType = "com.apple.product-type.application";
		};
/* End PBXNativeTarget section */

/* Begin PBXProject section */
		F8DE0C0F1C7F9C4B00B98D86 /* Project object */ = {
			isa = PBXProject;
			attributes = {
				LastSwiftUpdateCheck = 0720;
				LastUpgradeCheck = 0720;
				ORGANIZATIONNAME = "Adams Development";
				TargetAttributes = {
					F8DE0C161C7F9C4B00B98D86 = {
						CreatedOnToolsVersion = 7.2.1;
						DevelopmentTeam = TGD8CYV226;
					};
				};
			};
			buildConfigurationList = F8DE0C121C7F9C4B00B98D86 /* Build configuration list for PBXProject "testApp" */;
			compatibilityVersion = "Xcode 3.2";
			developmentRegion = English;
			hasScannedForEncodings = 0;
			knownRegions = (
				en,
				Base,
			);
			mainGroup = F8DE0C0E1C7F9C4B00B98D86;
			productRefGroup = F8DE0C181C7F9C4B00B98D86 /* Products */;
			projectDirPath = "";
			projectRoot = "";
			targets = (
				F8DE0C161C7F9C4B00B98D86 /* testApp */,
			);
		};
/* End PBXProject section */

/* Begin PBXResourcesBuildPhase section */
		F8DE0C151C7F9C4B00B98D86 /* Resources */ = {
			isa = PBXResourcesBuildPhase;
			buildActionMask = 2147483647;
			files = (
				F8DE0C281C7F9C4B00B98D86 /* LaunchScreen.storyboard in Resources */,
				F8DE0C251C7F9C4B00B98D86 /* Assets.xcassets in Resources */,
				F8DE0C201C7F9C4B00B98D86 /* Main.storyboard in Resources */,
			);
			runOnlyForDeploymentPostprocessing = 0;
		};
/* End PBXResourcesBuildPhase section */

/* Begin PBXSourcesBuildPhase section */
		F8DE0C131C7F9C4B00B98D86 /* Sources */ = {
			isa = PBXSourcesBuildPhase;
			buildActionMask = 2147483647;
			files = (
				F8DE0C1D1C7F9C4B00B98D86 /* ViewController.swift in Sources */,
				F8DE0C371C7FA07800B98D86 /* addVC.swift in Sources */,
				F8DE0C351C7F9D0200B98D86 /* TestCell.swift in Sources */,
				F8DE0C231C7F9C4B00B98D86 /* testApp.xcdatamodeld in Sources */,
				F8DE0C441C81D66700B98D86 /* Test+CoreDataProperties.swift in Sources */,
				F8DE0C451C81D66700B98D86 /* Test.swift in Sources */,
				F8DE0C411C81BD0D00B98D86 /* CoreDataService.swift in Sources */,
				F8DE0C1B1C7F9C4B00B98D86 /* AppDelegate.swift in Sources */,
			);
			runOnlyForDeploymentPostprocessing = 0;
		};
/* End PBXSourcesBuildPhase section */

/* Begin PBXVariantGroup section */
		F8DE0C1E1C7F9C4B00B98D86 /* Main.storyboard */ = {
			isa = PBXVariantGroup;
			children = (
				F8DE0C1F1C7F9C4B00B98D86 /* Base */,
			);
			name = Main.storyboard;
			sourceTree = "<group>";
		};
		F8DE0C261C7F9C4B00B98D86 /* LaunchScreen.storyboard */ = {
			isa = PBXVariantGroup;
			children = (
				F8DE0C271C7F9C4B00B98D86 /* Base */,
			);
			name = LaunchScreen.storyboard;
			sourceTree = "<group>";
		};
/* End PBXVariantGroup section */

/* Begin XCBuildConfiguration section */
		F8DE0C2A1C7F9C4B00B98D86 /* Debug */ = {
			isa = XCBuildConfiguration;
			buildSettings = {
				ALWAYS_SEARCH_USER_PATHS = NO;
				CLANG_CXX_LANGUAGE_STANDARD = "gnu++0x";
				CLANG_CXX_LIBRARY = "libc++";
				CLANG_ENABLE_MODULES = YES;
				CLANG_ENABLE_OBJC_ARC = YES;
				CLANG_WARN_BOOL_CONVERSION = YES;
				CLANG_WARN_CONSTANT_CONVERSION = YES;
				CLANG_WARN_DIRECT_OBJC_ISA_USAGE = YES_ERROR;
				CLANG_WARN_EMPTY_BODY = YES;
				CLANG_WARN_ENUM_CONVERSION = YES;
				CLANG_WARN_INT_CONVERSION = YES;
				CLANG_WARN_OBJC_ROOT_CLASS = YES_ERROR;
				CLANG_WARN_UNREACHABLE_CODE = YES;
				CLANG_WARN__DUPLICATE_METHOD_MATCH = YES;
				"CODE_SIGN_IDENTITY[sdk=iphoneos*]" = "iPhone Developer";
				COPY_PHASE_STRIP = NO;
				DEBUG_INFORMATION_FORMAT = dwarf;
				ENABLE_STRICT_OBJC_MSGSEND = YES;
				ENABLE_TESTABILITY = YES;
				GCC_C_LANGUAGE_STANDARD = gnu99;
				GCC_DYNAMIC_NO_PIC = NO;
				GCC_NO_COMMON_BLOCKS = YES;
				GCC_OPTIMIZATION_LEVEL = 0;
				GCC_PREPROCESSOR_DEFINITIONS = (
					"DEBUG=1",
					"$(inherited)",
				);
				GCC_WARN_64_TO_32_BIT_CONVERSION = YES;
				GCC_WARN_ABOUT_RETURN_TYPE = YES_ERROR;
				GCC_WARN_UNDECLARED_SELECTOR = YES;
				GCC_WARN_UNINITIALIZED_AUTOS = YES_AGGRESSIVE;
				GCC_WARN_UNUSED_FUNCTION = YES;
				GCC_WARN_UNUSED_VARIABLE = YES;
				IPHONEOS_DEPLOYMENT_TARGET = 9.2;
				MTL_ENABLE_DEBUG_INFO = YES;
				ONLY_ACTIVE_ARCH = YES;
				SDKROOT = iphoneos;
				SWIFT_OPTIMIZATION_LEVEL = "-Onone";
				TARGETED_DEVICE_FAMILY = "1,2";
			};
			name = Debug;
		};
		F8DE0C2B1C7F9C4B00B98D86 /* Release */ = {
			isa = XCBuildConfiguration;
			buildSettings = {
				ALWAYS_SEARCH_USER_PATHS = NO;
				CLANG_CXX_LANGUAGE_STANDARD = "gnu++0x";
				CLANG_CXX_LIBRARY = "libc++";
				CLANG_ENABLE_MODULES = YES;
				CLANG_ENABLE_OBJC_ARC = YES;
				CLANG_WARN_BOOL_CONVERSION = YES;
				CLANG_WARN_CONSTANT_CONVERSION = YES;
				CLANG_WARN_DIRECT_OBJC_ISA_USAGE = YES_ERROR;
				CLANG_WARN_EMPTY_BODY = YES;
				CLANG_WARN_ENUM_CONVERSION = YES;
				CLANG_WARN_INT_CONVERSION = YES;
				CLANG_WARN_OBJC_ROOT_CLASS = YES_ERROR;
				CLANG_WARN_UNREACHABLE_CODE = YES;
				CLANG_WARN__DUPLICATE_METHOD_MATCH = YES;
				"CODE_SIGN_IDENTITY[sdk=iphoneos*]" = "iPhone Developer";
				COPY_PHASE_STRIP = NO;
				DEBUG_INFORMATION_FORMAT = "dwarf-with-dsym";
				ENABLE_NS_ASSERTIONS = NO;
				ENABLE_STRICT_OBJC_MSGSEND = YES;
				GCC_C_LANGUAGE_STANDARD = gnu99;
				GCC_NO_COMMON_BLOCKS = YES;
				GCC_WARN_64_TO_32_BIT_CONVERSION = YES;
				GCC_WARN_ABOUT_RETURN_TYPE = YES_ERROR;
				GCC_WARN_UNDECLARED_SELECTOR = YES;
				GCC_WARN_UNINITIALIZED_AUTOS = YES_AGGRESSIVE;
				GCC_WARN_UNUSED_FUNCTION = YES;
				GCC_WARN_UNUSED_VARIABLE = YES;
				IPHONEOS_DEPLOYMENT_TARGET = 9.2;
				MTL_ENABLE_DEBUG_INFO = NO;
				SDKROOT = iphoneos;
				TARGETED_DEVICE_FAMILY = "1,2";
				VALIDATE_PRODUCT = YES;
			};
			name = Release;
		};
		F8DE0C2D1C7F9C4B00B98D86 /* Debug */ = {
			isa = XCBuildConfiguration;
			buildSettings = {
				ASSETCATALOG_COMPILER_APPICON_NAME = AppIcon;
				INFOPLIST_FILE = testApp/Info.plist;
				LD_RUNPATH_SEARCH_PATHS = "$(inherited) @executable_path/Frameworks";
				PRODUCT_BUNDLE_IDENTIFIER = com.SAdevelopment.testApp;
				PRODUCT_NAME = "$(TARGET_NAME)";
			};
			name = Debug;
		};
		F8DE0C2E1C7F9C4B00B98D86 /* Release */ = {
			isa = XCBuildConfiguration;
			buildSettings = {
				ASSETCATALOG_COMPILER_APPICON_NAME = AppIcon;
				INFOPLIST_FILE = testApp/Info.plist;
				LD_RUNPATH_SEARCH_PATHS = "$(inherited) @executable_path/Frameworks";
				PRODUCT_BUNDLE_IDENTIFIER = com.SAdevelopment.testApp;
				PRODUCT_NAME = "$(TARGET_NAME)";
			};
			name = Release;
		};
/* End XCBuildConfiguration section */

/* Begin XCConfigurationList section */
		F8DE0C121C7F9C4B00B98D86 /* Build configuration list for PBXProject "testApp" */ = {
			isa = XCConfigurationList;
			buildConfigurations = (
				F8DE0C2A1C7F9C4B00B98D86 /* Debug */,
				F8DE0C2B1C7F9C4B00B98D86 /* Release */,
			);
			defaultConfigurationIsVisible = 0;
			defaultConfigurationName = Release;
		};
		F8DE0C2C1C7F9C4B00B98D86 /* Build configuration list for PBXNativeTarget "testApp" */ = {
			isa = XCConfigurationList;
			buildConfigurations = (
				F8DE0C2D1C7F9C4B00B98D86 /* Debug */,
				F8DE0C2E1C7F9C4B00B98D86 /* Release */,
			);
			defaultConfigurationIsVisible = 0;
			defaultConfigurationName = Release;
		};
/* End XCConfigurationList section */

/* Begin XCVersionGroup section */
		F8DE0C211C7F9C4B00B98D86 /* testApp.xcdatamodeld */ = {
			isa = XCVersionGroup;
			children = (
				F8DE0C221C7F9C4B00B98D86 /* testApp.xcdatamodel */,
			);
			currentVersion = F8DE0C221C7F9C4B00B98D86 /* testApp.xcdatamodel */;
			path = testApp.xcdatamodeld;
			sourceTree = "<group>";
			versionGroupType = wrapper.xcdatamodel;
		};
/* End XCVersionGroup section */
	};
	rootObject = F8DE0C0F1C7F9C4B00B98D86 /* Project object */;
}
